// !$*UTF8*$!
{
	archiveVersion = 1;
	classes = {
	};
	objectVersion = 56;
	objects = {

/* Begin PBXBuildFile section */
		E00852612B2B4E59009FE8C0 /* ggml-distil-small.en.bin in Resources */ = {isa = PBXBuildFile; fileRef = E00852602B2B4E59009FE8C0 /* ggml-distil-small.en.bin */; };
		E00852622B2B4E83009FE8C0 /* ggml-distil-small.en.bin in Resources */ = {isa = PBXBuildFile; fileRef = E00852602B2B4E59009FE8C0 /* ggml-distil-small.en.bin */; };
		E029C3302B2CA69D00E2687A /* ggml-quants.c in Sources */ = {isa = PBXBuildFile; fileRef = E029C32E2B2CA69D00E2687A /* ggml-quants.c */; };
		E029C33D2B2CA6D200E2687A /* ggml-metal.metal in Sources */ = {isa = PBXBuildFile; fileRef = E029C3342B2CA6D200E2687A /* ggml-metal.metal */; };
		E029C3402B2CA6D200E2687A /* ggml-alloc.c in Sources */ = {isa = PBXBuildFile; fileRef = E029C3382B2CA6D200E2687A /* ggml-alloc.c */; };
		E029C3412B2CA6D200E2687A /* ggml-backend.c in Sources */ = {isa = PBXBuildFile; fileRef = E029C33A2B2CA6D200E2687A /* ggml-backend.c */; };
		E029C3422B2CA6D200E2687A /* ggml-metal.m in Sources */ = {isa = PBXBuildFile; fileRef = E029C33B2B2CA6D200E2687A /* ggml-metal.m */; settings = {COMPILER_FLAGS = "-fno-objc-arc"; }; };
		E029C3432B2CA77F00E2687A /* ggml-quants.c in Sources */ = {isa = PBXBuildFile; fileRef = E029C32E2B2CA69D00E2687A /* ggml-quants.c */; };
		E029C3442B2CA77F00E2687A /* ggml-alloc.c in Sources */ = {isa = PBXBuildFile; fileRef = E029C3382B2CA6D200E2687A /* ggml-alloc.c */; };
		E029C3452B2CA77F00E2687A /* ggml-backend.c in Sources */ = {isa = PBXBuildFile; fileRef = E029C33A2B2CA6D200E2687A /* ggml-backend.c */; };
		E029C3462B2CA77F00E2687A /* ggml-metal.m in Sources */ = {isa = PBXBuildFile; fileRef = E029C33B2B2CA6D200E2687A /* ggml-metal.m */; settings = {COMPILER_FLAGS = "-fno-objc-arc"; }; };
		E049ED3D293FCC38002080BD /* VBButton.m in Sources */ = {isa = PBXBuildFile; fileRef = E049ED3C293FCC38002080BD /* VBButton.m */; };
		E049ED41293FCC5D002080BD /* VBMagicEnhancer.m in Sources */ = {isa = PBXBuildFile; fileRef = E049ED40293FCC5D002080BD /* VBMagicEnhancer.m */; };
		E049ED45293FFB93002080BD /* VBEnhanceViewController.m in Sources */ = {isa = PBXBuildFile; fileRef = E049ED44293FFB93002080BD /* VBEnhanceViewController.m */; };
		E049ED492943A6A2002080BD /* text-expansion.txt in Resources */ = {isa = PBXBuildFile; fileRef = E049ED482943A4DC002080BD /* text-expansion.txt */; };
		E049ED4C2943B779002080BD /* next-sentence.txt in Resources */ = {isa = PBXBuildFile; fileRef = E049ED4B2943AD2B002080BD /* next-sentence.txt */; };
		E049ED4F2944B833002080BD /* VBStringUtils.m in Sources */ = {isa = PBXBuildFile; fileRef = E049ED4E2944B833002080BD /* VBStringUtils.m */; };
		E049ED512944B986002080BD /* stringUtliTests.m in Sources */ = {isa = PBXBuildFile; fileRef = E049ED502944B986002080BD /* stringUtliTests.m */; };
		E04A3321294A347300EF6628 /* OpenAiApiRequest.m in Sources */ = {isa = PBXBuildFile; fileRef = E04A3320294A347300EF6628 /* OpenAiApiRequest.m */; };
		E04B889F2B4B9C8C00735169 /* cmConfig.json in Resources */ = {isa = PBXBuildFile; fileRef = E04B889E2B4B9C8C00735169 /* cmConfig.json */; };
		E05B9111293FC4ED004DBFE2 /* VBSpeechSynthesizer.m in Sources */ = {isa = PBXBuildFile; fileRef = E05B9110293FC4ED004DBFE2 /* VBSpeechSynthesizer.m */; };
		E07DFF522B2781ED00930E10 /* rawResp.md in Resources */ = {isa = PBXBuildFile; fileRef = E07DFF512B2781ED00930E10 /* rawResp.md */; };
		E07DFF542B27DA8900930E10 /* gpt3.5 - long.txt in Resources */ = {isa = PBXBuildFile; fileRef = E07DFF532B27DA8900930E10 /* gpt3.5 - long.txt */; };
		E07DFF562B28052C00930E10 /* gpt3.5 - mid 2.txt in Resources */ = {isa = PBXBuildFile; fileRef = E07DFF552B28052C00930E10 /* gpt3.5 - mid 2.txt */; };
		E07DFF582B28C69000930E10 /* gpt3.5 - mid 3.txt in Resources */ = {isa = PBXBuildFile; fileRef = E07DFF572B28C69000930E10 /* gpt3.5 - mid 3.txt */; };
		E0A894DF29DB28790059AFEE /* whisper.h in Sources */ = {isa = PBXBuildFile; fileRef = E0CE98A9295D393B00FF9CA5 /* whisper.h */; settings = {COMPILER_FLAGS = "-Wno-"; }; };
		E0B3DF312B2689B000E7D802 /* gpt4-v4.txt in Resources */ = {isa = PBXBuildFile; fileRef = E0B3DF302B2689B000E7D802 /* gpt4-v4.txt */; };
		E0BBF1EE293EEE9000FB7FF9 /* AppDelegate.m in Sources */ = {isa = PBXBuildFile; fileRef = E0BBF1ED293EEE9000FB7FF9 /* AppDelegate.m */; };
		E0BBF1F1293EEE9000FB7FF9 /* SceneDelegate.m in Sources */ = {isa = PBXBuildFile; fileRef = E0BBF1F0293EEE9000FB7FF9 /* SceneDelegate.m */; };
		E0BBF1F4293EEE9000FB7FF9 /* MainViewController.m in Sources */ = {isa = PBXBuildFile; fileRef = E0BBF1F3293EEE9000FB7FF9 /* MainViewController.m */; };
		E0BBF1F9293EEE9100FB7FF9 /* Assets.xcassets in Resources */ = {isa = PBXBuildFile; fileRef = E0BBF1F8293EEE9100FB7FF9 /* Assets.xcassets */; };
		E0BBF1FC293EEE9100FB7FF9 /* LaunchScreen.storyboard in Resources */ = {isa = PBXBuildFile; fileRef = E0BBF1FA293EEE9100FB7FF9 /* LaunchScreen.storyboard */; };
		E0BBF1FF293EEE9100FB7FF9 /* main.m in Sources */ = {isa = PBXBuildFile; fileRef = E0BBF1FE293EEE9100FB7FF9 /* main.m */; };
		E0BBF209293EEE9100FB7FF9 /* voiceboxTests.m in Sources */ = {isa = PBXBuildFile; fileRef = E0BBF208293EEE9100FB7FF9 /* voiceboxTests.m */; };
		E0BBF213293EEE9100FB7FF9 /* voiceboxUITests.m in Sources */ = {isa = PBXBuildFile; fileRef = E0BBF212293EEE9100FB7FF9 /* voiceboxUITests.m */; };
		E0BBF215293EEE9100FB7FF9 /* voiceboxUITestsLaunchTests.m in Sources */ = {isa = PBXBuildFile; fileRef = E0BBF214293EEE9100FB7FF9 /* voiceboxUITestsLaunchTests.m */; };
		E0CE98AD295D393B00FF9CA5 /* ggml-base.en.bin in Resources */ = {isa = PBXBuildFile; fileRef = E0CE98A8295D393B00FF9CA5 /* ggml-base.en.bin */; };
		E0CE98AE295D393B00FF9CA5 /* ggml-base.en.bin in Resources */ = {isa = PBXBuildFile; fileRef = E0CE98A8295D393B00FF9CA5 /* ggml-base.en.bin */; };
		E0CE98AF295D393B00FF9CA5 /* ggml-base.en.bin in Resources */ = {isa = PBXBuildFile; fileRef = E0CE98A8295D393B00FF9CA5 /* ggml-base.en.bin */; };
		E0CE98B0295D393B00FF9CA5 /* ggml.c in Sources */ = {isa = PBXBuildFile; fileRef = E0CE98AA295D393B00FF9CA5 /* ggml.c */; settings = {COMPILER_FLAGS = "-DGGML_USE_ACCELERATE -w"; }; };
		E0CE98B1295D393B00FF9CA5 /* ggml.c in Sources */ = {isa = PBXBuildFile; fileRef = E0CE98AA295D393B00FF9CA5 /* ggml.c */; };
		E0CE98B2295D393B00FF9CA5 /* ggml.c in Sources */ = {isa = PBXBuildFile; fileRef = E0CE98AA295D393B00FF9CA5 /* ggml.c */; };
		E0CE98B3295D393B00FF9CA5 /* whisper.cpp in Sources */ = {isa = PBXBuildFile; fileRef = E0CE98AB295D393B00FF9CA5 /* whisper.cpp */; settings = {COMPILER_FLAGS = "-w -DGGML_USE_METAL"; }; };
		E0CE98B4295D393B00FF9CA5 /* whisper.cpp in Sources */ = {isa = PBXBuildFile; fileRef = E0CE98AB295D393B00FF9CA5 /* whisper.cpp */; };
		E0CE98B5295D393B00FF9CA5 /* whisper.cpp in Sources */ = {isa = PBXBuildFile; fileRef = E0CE98AB295D393B00FF9CA5 /* whisper.cpp */; };
		E0CE98B8295D398700FF9CA5 /* ListenViewController.m in Sources */ = {isa = PBXBuildFile; fileRef = E0CE98B7295D398700FF9CA5 /* ListenViewController.m */; };
		E0CE98B9295D398700FF9CA5 /* ListenViewController.m in Sources */ = {isa = PBXBuildFile; fileRef = E0CE98B7295D398700FF9CA5 /* ListenViewController.m */; };
		E0CE98BA295D398700FF9CA5 /* ListenViewController.m in Sources */ = {isa = PBXBuildFile; fileRef = E0CE98B7295D398700FF9CA5 /* ListenViewController.m */; };
		E0D56EE22B9CEB6900F24F6E /* CriticalMoments in Frameworks */ = {isa = PBXBuildFile; productRef = E0D56EE12B9CEB6900F24F6E /* CriticalMoments */; };
		E0F9A34329B16D4B002F42A5 /* chat-gpt-text-expansion-system-directive.txt in Resources */ = {isa = PBXBuildFile; fileRef = E0F9A34229B16D4B002F42A5 /* chat-gpt-text-expansion-system-directive.txt */; };
		E0FE7D7A29AFB62000762C36 /* VBAudioListener.m in Sources */ = {isa = PBXBuildFile; fileRef = E0FE7D7929AFB62000762C36 /* VBAudioListener.m */; };
/* End PBXBuildFile section */

/* Begin PBXContainerItemProxy section */
		E0BBF205293EEE9100FB7FF9 /* PBXContainerItemProxy */ = {
			isa = PBXContainerItemProxy;
			containerPortal = E0BBF1E1293EEE9000FB7FF9 /* Project object */;
			proxyType = 1;
			remoteGlobalIDString = E0BBF1E8293EEE9000FB7FF9;
			remoteInfo = voicebox;
		};
		E0BBF20F293EEE9100FB7FF9 /* PBXContainerItemProxy */ = {
			isa = PBXContainerItemProxy;
			containerPortal = E0BBF1E1293EEE9000FB7FF9 /* Project object */;
			proxyType = 1;
			remoteGlobalIDString = E0BBF1E8293EEE9000FB7FF9;
			remoteInfo = voicebox;
		};
/* End PBXContainerItemProxy section */

/* Begin PBXFileReference section */
		E00852602B2B4E59009FE8C0 /* ggml-distil-small.en.bin */ = {isa = PBXFileReference; lastKnownFileType = archive.macbinary; path = "ggml-distil-small.en.bin"; sourceTree = "<group>"; };
		E029C32D2B2CA69D00E2687A /* ggml-impl.h */ = {isa = PBXFileReference; fileEncoding = 4; lastKnownFileType = sourcecode.c.h; path = "ggml-impl.h"; sourceTree = "<group>"; };
		E029C32E2B2CA69D00E2687A /* ggml-quants.c */ = {isa = PBXFileReference; fileEncoding = 4; lastKnownFileType = sourcecode.c.c; path = "ggml-quants.c"; sourceTree = "<group>"; };
		E029C32F2B2CA69D00E2687A /* ggml-quants.h */ = {isa = PBXFileReference; fileEncoding = 4; lastKnownFileType = sourcecode.c.h; path = "ggml-quants.h"; sourceTree = "<group>"; };
		E029C3312B2CA6D200E2687A /* ggml-backend.h */ = {isa = PBXFileReference; fileEncoding = 4; lastKnownFileType = sourcecode.c.h; path = "ggml-backend.h"; sourceTree = "<group>"; };
		E029C3322B2CA6D200E2687A /* ggml-metal.h */ = {isa = PBXFileReference; fileEncoding = 4; lastKnownFileType = sourcecode.c.h; path = "ggml-metal.h"; sourceTree = "<group>"; };
		E029C3332B2CA6D200E2687A /* ggml-alloc.h */ = {isa = PBXFileReference; fileEncoding = 4; lastKnownFileType = sourcecode.c.h; path = "ggml-alloc.h"; sourceTree = "<group>"; };
		E029C3342B2CA6D200E2687A /* ggml-metal.metal */ = {isa = PBXFileReference; fileEncoding = 4; lastKnownFileType = sourcecode.metal; path = "ggml-metal.metal"; sourceTree = "<group>"; };
		E029C3382B2CA6D200E2687A /* ggml-alloc.c */ = {isa = PBXFileReference; fileEncoding = 4; lastKnownFileType = sourcecode.c.c; path = "ggml-alloc.c"; sourceTree = "<group>"; };
		E029C3392B2CA6D200E2687A /* ggml-backend-impl.h */ = {isa = PBXFileReference; fileEncoding = 4; lastKnownFileType = sourcecode.c.h; path = "ggml-backend-impl.h"; sourceTree = "<group>"; };
		E029C33A2B2CA6D200E2687A /* ggml-backend.c */ = {isa = PBXFileReference; fileEncoding = 4; lastKnownFileType = sourcecode.c.c; path = "ggml-backend.c"; sourceTree = "<group>"; };
		E029C33B2B2CA6D200E2687A /* ggml-metal.m */ = {isa = PBXFileReference; fileEncoding = 4; lastKnownFileType = sourcecode.c.objc; path = "ggml-metal.m"; sourceTree = "<group>"; };
		E049ED3B293FCC38002080BD /* VBButton.h */ = {isa = PBXFileReference; fileEncoding = 4; lastKnownFileType = sourcecode.c.h; path = VBButton.h; sourceTree = "<group>"; };
		E049ED3C293FCC38002080BD /* VBButton.m */ = {isa = PBXFileReference; fileEncoding = 4; lastKnownFileType = sourcecode.c.objc; path = VBButton.m; sourceTree = "<group>"; };
		E049ED3F293FCC5D002080BD /* VBMagicEnhancer.h */ = {isa = PBXFileReference; fileEncoding = 4; lastKnownFileType = sourcecode.c.h; path = VBMagicEnhancer.h; sourceTree = "<group>"; };
		E049ED40293FCC5D002080BD /* VBMagicEnhancer.m */ = {isa = PBXFileReference; fileEncoding = 4; lastKnownFileType = sourcecode.c.objc; path = VBMagicEnhancer.m; sourceTree = "<group>"; };
		E049ED42293FEB36002080BD /* AppSecrets.h */ = {isa = PBXFileReference; lastKnownFileType = sourcecode.c.h; path = AppSecrets.h; sourceTree = "<group>"; };
		E049ED43293FFB93002080BD /* VBEnhanceViewController.h */ = {isa = PBXFileReference; lastKnownFileType = sourcecode.c.h; path = VBEnhanceViewController.h; sourceTree = "<group>"; };
		E049ED44293FFB93002080BD /* VBEnhanceViewController.m */ = {isa = PBXFileReference; lastKnownFileType = sourcecode.c.objc; path = VBEnhanceViewController.m; sourceTree = "<group>"; };
		E049ED462940F261002080BD /* Constants.h */ = {isa = PBXFileReference; lastKnownFileType = sourcecode.c.h; path = Constants.h; sourceTree = "<group>"; };
		E049ED482943A4DC002080BD /* text-expansion.txt */ = {isa = PBXFileReference; lastKnownFileType = text; path = "text-expansion.txt"; sourceTree = "<group>"; };
		E049ED4B2943AD2B002080BD /* next-sentence.txt */ = {isa = PBXFileReference; lastKnownFileType = text; path = "next-sentence.txt"; sourceTree = "<group>"; };
		E049ED4D2944B833002080BD /* VBStringUtils.h */ = {isa = PBXFileReference; lastKnownFileType = sourcecode.c.h; path = VBStringUtils.h; sourceTree = "<group>"; };
		E049ED4E2944B833002080BD /* VBStringUtils.m */ = {isa = PBXFileReference; lastKnownFileType = sourcecode.c.objc; path = VBStringUtils.m; sourceTree = "<group>"; };
		E049ED502944B986002080BD /* stringUtliTests.m */ = {isa = PBXFileReference; lastKnownFileType = sourcecode.c.objc; path = stringUtliTests.m; sourceTree = "<group>"; };
		E04A331F294A347300EF6628 /* OpenAiApiRequest.h */ = {isa = PBXFileReference; lastKnownFileType = sourcecode.c.h; path = OpenAiApiRequest.h; sourceTree = "<group>"; };
		E04A3320294A347300EF6628 /* OpenAiApiRequest.m */ = {isa = PBXFileReference; lastKnownFileType = sourcecode.c.objc; path = OpenAiApiRequest.m; sourceTree = "<group>"; };
		E04B889E2B4B9C8C00735169 /* cmConfig.json */ = {isa = PBXFileReference; lastKnownFileType = text.json; path = cmConfig.json; sourceTree = "<group>"; };
		E05B910F293FC4ED004DBFE2 /* VBSpeechSynthesizer.h */ = {isa = PBXFileReference; lastKnownFileType = sourcecode.c.h; path = VBSpeechSynthesizer.h; sourceTree = "<group>"; };
		E05B9110293FC4ED004DBFE2 /* VBSpeechSynthesizer.m */ = {isa = PBXFileReference; lastKnownFileType = sourcecode.c.objc; path = VBSpeechSynthesizer.m; sourceTree = "<group>"; };
		E07DFF512B2781ED00930E10 /* rawResp.md */ = {isa = PBXFileReference; fileEncoding = 4; lastKnownFileType = net.daringfireball.markdown; name = rawResp.md; path = "../../../prompts/text-expansion/GPT_4/V2 - long prompts/rawResp.md"; sourceTree = "<group>"; };
		E07DFF532B27DA8900930E10 /* gpt3.5 - long.txt */ = {isa = PBXFileReference; fileEncoding = 4; lastKnownFileType = text; name = "gpt3.5 - long.txt"; path = "../../../prompts/GPT_3.5/gpt3.5 - long.txt"; sourceTree = "<group>"; };
		E07DFF552B28052C00930E10 /* gpt3.5 - mid 2.txt */ = {isa = PBXFileReference; fileEncoding = 4; lastKnownFileType = text; name = "gpt3.5 - mid 2.txt"; path = "../../../prompts/GPT_3.5/gpt3.5 - mid 2.txt"; sourceTree = "<group>"; };
		E07DFF572B28C69000930E10 /* gpt3.5 - mid 3.txt */ = {isa = PBXFileReference; fileEncoding = 4; lastKnownFileType = text; name = "gpt3.5 - mid 3.txt"; path = "../../../prompts/GPT_3.5/gpt3.5 - mid 3.txt"; sourceTree = "<group>"; };
		E0B3DF302B2689B000E7D802 /* gpt4-v4.txt */ = {isa = PBXFileReference; fileEncoding = 4; lastKnownFileType = text; name = "gpt4-v4.txt"; path = "../../../prompts/text-expansion/GPT_4/V2 - long prompts/gpt4-v4.txt"; sourceTree = "<group>"; };
		E0BBF1E9293EEE9000FB7FF9 /* voicebox.app */ = {isa = PBXFileReference; explicitFileType = wrapper.application; includeInIndex = 0; path = voicebox.app; sourceTree = BUILT_PRODUCTS_DIR; };
		E0BBF1EC293EEE9000FB7FF9 /* AppDelegate.h */ = {isa = PBXFileReference; lastKnownFileType = sourcecode.c.h; path = AppDelegate.h; sourceTree = "<group>"; };
		E0BBF1ED293EEE9000FB7FF9 /* AppDelegate.m */ = {isa = PBXFileReference; lastKnownFileType = sourcecode.c.objc; path = AppDelegate.m; sourceTree = "<group>"; };
		E0BBF1EF293EEE9000FB7FF9 /* SceneDelegate.h */ = {isa = PBXFileReference; lastKnownFileType = sourcecode.c.h; path = SceneDelegate.h; sourceTree = "<group>"; };
		E0BBF1F0293EEE9000FB7FF9 /* SceneDelegate.m */ = {isa = PBXFileReference; lastKnownFileType = sourcecode.c.objc; path = SceneDelegate.m; sourceTree = "<group>"; };
		E0BBF1F2293EEE9000FB7FF9 /* MainViewController.h */ = {isa = PBXFileReference; lastKnownFileType = sourcecode.c.h; path = MainViewController.h; sourceTree = "<group>"; };
		E0BBF1F3293EEE9000FB7FF9 /* MainViewController.m */ = {isa = PBXFileReference; lastKnownFileType = sourcecode.c.objc; path = MainViewController.m; sourceTree = "<group>"; };
		E0BBF1F8293EEE9100FB7FF9 /* Assets.xcassets */ = {isa = PBXFileReference; lastKnownFileType = folder.assetcatalog; path = Assets.xcassets; sourceTree = "<group>"; };
		E0BBF1FB293EEE9100FB7FF9 /* Base */ = {isa = PBXFileReference; lastKnownFileType = file.storyboard; name = Base; path = Base.lproj/LaunchScreen.storyboard; sourceTree = "<group>"; };
		E0BBF1FD293EEE9100FB7FF9 /* Info.plist */ = {isa = PBXFileReference; lastKnownFileType = text.plist.xml; path = Info.plist; sourceTree = "<group>"; };
		E0BBF1FE293EEE9100FB7FF9 /* main.m */ = {isa = PBXFileReference; lastKnownFileType = sourcecode.c.objc; path = main.m; sourceTree = "<group>"; };
		E0BBF204293EEE9100FB7FF9 /* voiceboxTests.xctest */ = {isa = PBXFileReference; explicitFileType = wrapper.cfbundle; includeInIndex = 0; path = voiceboxTests.xctest; sourceTree = BUILT_PRODUCTS_DIR; };
		E0BBF208293EEE9100FB7FF9 /* voiceboxTests.m */ = {isa = PBXFileReference; lastKnownFileType = sourcecode.c.objc; path = voiceboxTests.m; sourceTree = "<group>"; };
		E0BBF20E293EEE9100FB7FF9 /* voiceboxUITests.xctest */ = {isa = PBXFileReference; explicitFileType = wrapper.cfbundle; includeInIndex = 0; path = voiceboxUITests.xctest; sourceTree = BUILT_PRODUCTS_DIR; };
		E0BBF212293EEE9100FB7FF9 /* voiceboxUITests.m */ = {isa = PBXFileReference; lastKnownFileType = sourcecode.c.objc; path = voiceboxUITests.m; sourceTree = "<group>"; };
		E0BBF214293EEE9100FB7FF9 /* voiceboxUITestsLaunchTests.m */ = {isa = PBXFileReference; lastKnownFileType = sourcecode.c.objc; path = voiceboxUITestsLaunchTests.m; sourceTree = "<group>"; };
		E0CE98A8295D393B00FF9CA5 /* ggml-base.en.bin */ = {isa = PBXFileReference; lastKnownFileType = archive.macbinary; path = "ggml-base.en.bin"; sourceTree = "<group>"; };
		E0CE98A9295D393B00FF9CA5 /* whisper.h */ = {isa = PBXFileReference; fileEncoding = 4; lastKnownFileType = sourcecode.c.h; path = whisper.h; sourceTree = "<group>"; };
		E0CE98AA295D393B00FF9CA5 /* ggml.c */ = {isa = PBXFileReference; fileEncoding = 4; lastKnownFileType = sourcecode.c.c; path = ggml.c; sourceTree = "<group>"; };
		E0CE98AB295D393B00FF9CA5 /* whisper.cpp */ = {isa = PBXFileReference; fileEncoding = 4; lastKnownFileType = sourcecode.cpp.cpp; path = whisper.cpp; sourceTree = "<group>"; };
		E0CE98AC295D393B00FF9CA5 /* ggml.h */ = {isa = PBXFileReference; fileEncoding = 4; lastKnownFileType = sourcecode.c.h; path = ggml.h; sourceTree = "<group>"; };
		E0CE98B6295D398700FF9CA5 /* ListenViewController.h */ = {isa = PBXFileReference; lastKnownFileType = sourcecode.c.h; path = ListenViewController.h; sourceTree = "<group>"; };
		E0CE98B7295D398700FF9CA5 /* ListenViewController.m */ = {isa = PBXFileReference; lastKnownFileType = sourcecode.c.objc; path = ListenViewController.m; sourceTree = "<group>"; };
		E0F9A34229B16D4B002F42A5 /* chat-gpt-text-expansion-system-directive.txt */ = {isa = PBXFileReference; fileEncoding = 4; lastKnownFileType = text; path = "chat-gpt-text-expansion-system-directive.txt"; sourceTree = "<group>"; };
		E0FE7D7829AFB62000762C36 /* VBAudioListener.h */ = {isa = PBXFileReference; lastKnownFileType = sourcecode.c.h; path = VBAudioListener.h; sourceTree = "<group>"; };
		E0FE7D7929AFB62000762C36 /* VBAudioListener.m */ = {isa = PBXFileReference; lastKnownFileType = sourcecode.c.objc; path = VBAudioListener.m; sourceTree = "<group>"; };
/* End PBXFileReference section */

/* Begin PBXFrameworksBuildPhase section */
		E0BBF1E6293EEE9000FB7FF9 /* Frameworks */ = {
			isa = PBXFrameworksBuildPhase;
			buildActionMask = 2147483647;
			files = (
				E0D56EE22B9CEB6900F24F6E /* CriticalMoments in Frameworks */,
			);
			runOnlyForDeploymentPostprocessing = 0;
		};
		E0BBF201293EEE9100FB7FF9 /* Frameworks */ = {
			isa = PBXFrameworksBuildPhase;
			buildActionMask = 2147483647;
			files = (
			);
			runOnlyForDeploymentPostprocessing = 0;
		};
		E0BBF20B293EEE9100FB7FF9 /* Frameworks */ = {
			isa = PBXFrameworksBuildPhase;
			buildActionMask = 2147483647;
			files = (
			);
			runOnlyForDeploymentPostprocessing = 0;
		};
/* End PBXFrameworksBuildPhase section */

/* Begin PBXGroup section */
		E049ED3A293FCC38002080BD /* UI */ = {
			isa = PBXGroup;
			children = (
				E049ED3B293FCC38002080BD /* VBButton.h */,
				E049ED3C293FCC38002080BD /* VBButton.m */,
				E049ED43293FFB93002080BD /* VBEnhanceViewController.h */,
				E049ED44293FFB93002080BD /* VBEnhanceViewController.m */,
				E0BBF1F2293EEE9000FB7FF9 /* MainViewController.h */,
				E0BBF1F3293EEE9000FB7FF9 /* MainViewController.m */,
				E0CE98B6295D398700FF9CA5 /* ListenViewController.h */,
				E0CE98B7295D398700FF9CA5 /* ListenViewController.m */,
			);
			path = UI;
			sourceTree = "<group>";
		};
		E049ED3E293FCC5D002080BD /* Util */ = {
			isa = PBXGroup;
			children = (
				E049ED42293FEB36002080BD /* AppSecrets.h */,
				E049ED3F293FCC5D002080BD /* VBMagicEnhancer.h */,
				E049ED40293FCC5D002080BD /* VBMagicEnhancer.m */,
				E05B910F293FC4ED004DBFE2 /* VBSpeechSynthesizer.h */,
				E05B9110293FC4ED004DBFE2 /* VBSpeechSynthesizer.m */,
				E049ED4D2944B833002080BD /* VBStringUtils.h */,
				E049ED4E2944B833002080BD /* VBStringUtils.m */,
				E04A331F294A347300EF6628 /* OpenAiApiRequest.h */,
				E04A3320294A347300EF6628 /* OpenAiApiRequest.m */,
			);
			path = Util;
			sourceTree = "<group>";
		};
		E049ED472943A4B2002080BD /* Prompts */ = {
			isa = PBXGroup;
			children = (
				E0B3DF302B2689B000E7D802 /* gpt4-v4.txt */,
				E07DFF532B27DA8900930E10 /* gpt3.5 - long.txt */,
				E07DFF552B28052C00930E10 /* gpt3.5 - mid 2.txt */,
				E07DFF572B28C69000930E10 /* gpt3.5 - mid 3.txt */,
				E07DFF512B2781ED00930E10 /* rawResp.md */,
				E0F9A33A29B16C0F002F42A5 /* chatGpt */,
				E0F9A33929B16BF3002F42A5 /* gpt3 */,
			);
			path = Prompts;
			sourceTree = "<group>";
		};
		E0BBF1E0293EEE9000FB7FF9 = {
			isa = PBXGroup;
			children = (
				E0BBF1EB293EEE9000FB7FF9 /* voicebox */,
				E0BBF207293EEE9100FB7FF9 /* voiceboxTests */,
				E0BBF211293EEE9100FB7FF9 /* voiceboxUITests */,
				E0BBF1EA293EEE9000FB7FF9 /* Products */,
			);
			sourceTree = "<group>";
		};
		E0BBF1EA293EEE9000FB7FF9 /* Products */ = {
			isa = PBXGroup;
			children = (
				E0BBF1E9293EEE9000FB7FF9 /* voicebox.app */,
				E0BBF204293EEE9100FB7FF9 /* voiceboxTests.xctest */,
				E0BBF20E293EEE9100FB7FF9 /* voiceboxUITests.xctest */,
			);
			name = Products;
			sourceTree = "<group>";
		};
		E0BBF1EB293EEE9000FB7FF9 /* voicebox */ = {
			isa = PBXGroup;
			children = (
				E0CE98A7295D393B00FF9CA5 /* Whisper */,
				E049ED472943A4B2002080BD /* Prompts */,
				E049ED3A293FCC38002080BD /* UI */,
				E049ED3E293FCC5D002080BD /* Util */,
				E0BBF1EC293EEE9000FB7FF9 /* AppDelegate.h */,
				E0BBF1ED293EEE9000FB7FF9 /* AppDelegate.m */,
				E0BBF1EF293EEE9000FB7FF9 /* SceneDelegate.h */,
				E0BBF1F0293EEE9000FB7FF9 /* SceneDelegate.m */,
				E0BBF1F8293EEE9100FB7FF9 /* Assets.xcassets */,
				E0BBF1FA293EEE9100FB7FF9 /* LaunchScreen.storyboard */,
				E0BBF1FD293EEE9100FB7FF9 /* Info.plist */,
				E0BBF1FE293EEE9100FB7FF9 /* main.m */,
				E049ED462940F261002080BD /* Constants.h */,
				E04B889E2B4B9C8C00735169 /* cmConfig.json */,
			);
			path = voicebox;
			sourceTree = "<group>";
		};
		E0BBF207293EEE9100FB7FF9 /* voiceboxTests */ = {
			isa = PBXGroup;
			children = (
				E0BBF208293EEE9100FB7FF9 /* voiceboxTests.m */,
				E049ED502944B986002080BD /* stringUtliTests.m */,
			);
			path = voiceboxTests;
			sourceTree = "<group>";
		};
		E0BBF211293EEE9100FB7FF9 /* voiceboxUITests */ = {
			isa = PBXGroup;
			children = (
				E0BBF212293EEE9100FB7FF9 /* voiceboxUITests.m */,
				E0BBF214293EEE9100FB7FF9 /* voiceboxUITestsLaunchTests.m */,
			);
			path = voiceboxUITests;
			sourceTree = "<group>";
		};
		E0CE98A7295D393B00FF9CA5 /* Whisper */ = {
			isa = PBXGroup;
			children = (
				E0CE98A8295D393B00FF9CA5 /* ggml-base.en.bin */,
				E00852602B2B4E59009FE8C0 /* ggml-distil-small.en.bin */,
				E0CE98A9295D393B00FF9CA5 /* whisper.h */,
				E0CE98AA295D393B00FF9CA5 /* ggml.c */,
				E0CE98AB295D393B00FF9CA5 /* whisper.cpp */,
				E0CE98AC295D393B00FF9CA5 /* ggml.h */,
				E029C32D2B2CA69D00E2687A /* ggml-impl.h */,
				E029C32E2B2CA69D00E2687A /* ggml-quants.c */,
				E029C32F2B2CA69D00E2687A /* ggml-quants.h */,
				E029C3382B2CA6D200E2687A /* ggml-alloc.c */,
				E029C3332B2CA6D200E2687A /* ggml-alloc.h */,
				E029C3392B2CA6D200E2687A /* ggml-backend-impl.h */,
				E029C33A2B2CA6D200E2687A /* ggml-backend.c */,
				E029C3312B2CA6D200E2687A /* ggml-backend.h */,
				E029C3322B2CA6D200E2687A /* ggml-metal.h */,
				E029C33B2B2CA6D200E2687A /* ggml-metal.m */,
				E029C3342B2CA6D200E2687A /* ggml-metal.metal */,
				E0FE7D7829AFB62000762C36 /* VBAudioListener.h */,
				E0FE7D7929AFB62000762C36 /* VBAudioListener.m */,
			);
			path = Whisper;
			sourceTree = "<group>";
		};
		E0F9A33929B16BF3002F42A5 /* gpt3 */ = {
			isa = PBXGroup;
			children = (
				E049ED482943A4DC002080BD /* text-expansion.txt */,
				E049ED4B2943AD2B002080BD /* next-sentence.txt */,
			);
			path = gpt3;
			sourceTree = "<group>";
		};
		E0F9A33A29B16C0F002F42A5 /* chatGpt */ = {
			isa = PBXGroup;
			children = (
				E0F9A34229B16D4B002F42A5 /* chat-gpt-text-expansion-system-directive.txt */,
			);
			path = chatGpt;
			sourceTree = "<group>";
		};
/* End PBXGroup section */

/* Begin PBXNativeTarget section */
		E0BBF1E8293EEE9000FB7FF9 /* voicebox */ = {
			isa = PBXNativeTarget;
			buildConfigurationList = E0BBF218293EEE9100FB7FF9 /* Build configuration list for PBXNativeTarget "voicebox" */;
			buildPhases = (
				E0BBF1E5293EEE9000FB7FF9 /* Sources */,
				E0BBF1E6293EEE9000FB7FF9 /* Frameworks */,
				E0BBF1E7293EEE9000FB7FF9 /* Resources */,
			);
			buildRules = (
			);
			dependencies = (
			);
			name = voicebox;
			packageProductDependencies = (
				E0D56EE12B9CEB6900F24F6E /* CriticalMoments */,
			);
			productName = voicebox;
			productReference = E0BBF1E9293EEE9000FB7FF9 /* voicebox.app */;
			productType = "com.apple.product-type.application";
		};
		E0BBF203293EEE9100FB7FF9 /* voiceboxTests */ = {
			isa = PBXNativeTarget;
			buildConfigurationList = E0BBF21B293EEE9100FB7FF9 /* Build configuration list for PBXNativeTarget "voiceboxTests" */;
			buildPhases = (
				E0BBF200293EEE9100FB7FF9 /* Sources */,
				E0BBF201293EEE9100FB7FF9 /* Frameworks */,
				E0BBF202293EEE9100FB7FF9 /* Resources */,
			);
			buildRules = (
			);
			dependencies = (
				E0BBF206293EEE9100FB7FF9 /* PBXTargetDependency */,
			);
			name = voiceboxTests;
			productName = voiceboxTests;
			productReference = E0BBF204293EEE9100FB7FF9 /* voiceboxTests.xctest */;
			productType = "com.apple.product-type.bundle.unit-test";
		};
		E0BBF20D293EEE9100FB7FF9 /* voiceboxUITests */ = {
			isa = PBXNativeTarget;
			buildConfigurationList = E0BBF21E293EEE9100FB7FF9 /* Build configuration list for PBXNativeTarget "voiceboxUITests" */;
			buildPhases = (
				E0BBF20A293EEE9100FB7FF9 /* Sources */,
				E0BBF20B293EEE9100FB7FF9 /* Frameworks */,
				E0BBF20C293EEE9100FB7FF9 /* Resources */,
			);
			buildRules = (
			);
			dependencies = (
				E0BBF210293EEE9100FB7FF9 /* PBXTargetDependency */,
			);
			name = voiceboxUITests;
			productName = voiceboxUITests;
			productReference = E0BBF20E293EEE9100FB7FF9 /* voiceboxUITests.xctest */;
			productType = "com.apple.product-type.bundle.ui-testing";
		};
/* End PBXNativeTarget section */

/* Begin PBXProject section */
		E0BBF1E1293EEE9000FB7FF9 /* Project object */ = {
			isa = PBXProject;
			attributes = {
				BuildIndependentTargetsInParallel = 1;
				LastUpgradeCheck = 1400;
				TargetAttributes = {
					E0BBF1E8293EEE9000FB7FF9 = {
						CreatedOnToolsVersion = 14.0.1;
					};
					E0BBF203293EEE9100FB7FF9 = {
						CreatedOnToolsVersion = 14.0.1;
						TestTargetID = E0BBF1E8293EEE9000FB7FF9;
					};
					E0BBF20D293EEE9100FB7FF9 = {
						CreatedOnToolsVersion = 14.0.1;
						TestTargetID = E0BBF1E8293EEE9000FB7FF9;
					};
				};
			};
			buildConfigurationList = E0BBF1E4293EEE9000FB7FF9 /* Build configuration list for PBXProject "voicebox" */;
			compatibilityVersion = "Xcode 14.0";
			developmentRegion = en;
			hasScannedForEncodings = 0;
			knownRegions = (
				en,
				Base,
			);
			mainGroup = E0BBF1E0293EEE9000FB7FF9;
			packageReferences = (
				E0D56EE02B9CEB6900F24F6E /* XCRemoteSwiftPackageReference "criticalmoments" */,
			);
			productRefGroup = E0BBF1EA293EEE9000FB7FF9 /* Products */;
			projectDirPath = "";
			projectRoot = "";
			targets = (
				E0BBF1E8293EEE9000FB7FF9 /* voicebox */,
				E0BBF203293EEE9100FB7FF9 /* voiceboxTests */,
				E0BBF20D293EEE9100FB7FF9 /* voiceboxUITests */,
			);
		};
/* End PBXProject section */

/* Begin PBXResourcesBuildPhase section */
		E0BBF1E7293EEE9000FB7FF9 /* Resources */ = {
			isa = PBXResourcesBuildPhase;
			buildActionMask = 2147483647;
			files = (
				E07DFF582B28C69000930E10 /* gpt3.5 - mid 3.txt in Resources */,
				E049ED4C2943B779002080BD /* next-sentence.txt in Resources */,
				E0B3DF312B2689B000E7D802 /* gpt4-v4.txt in Resources */,
				E07DFF562B28052C00930E10 /* gpt3.5 - mid 2.txt in Resources */,
				E00852612B2B4E59009FE8C0 /* ggml-distil-small.en.bin in Resources */,
				E04B889F2B4B9C8C00735169 /* cmConfig.json in Resources */,
				E049ED492943A6A2002080BD /* text-expansion.txt in Resources */,
				E0BBF1FC293EEE9100FB7FF9 /* LaunchScreen.storyboard in Resources */,
				E0BBF1F9293EEE9100FB7FF9 /* Assets.xcassets in Resources */,
				E07DFF522B2781ED00930E10 /* rawResp.md in Resources */,
				E0F9A34329B16D4B002F42A5 /* chat-gpt-text-expansion-system-directive.txt in Resources */,
				E0CE98AD295D393B00FF9CA5 /* ggml-base.en.bin in Resources */,
				E07DFF542B27DA8900930E10 /* gpt3.5 - long.txt in Resources */,
			);
			runOnlyForDeploymentPostprocessing = 0;
		};
		E0BBF202293EEE9100FB7FF9 /* Resources */ = {
			isa = PBXResourcesBuildPhase;
			buildActionMask = 2147483647;
			files = (
				E00852622B2B4E83009FE8C0 /* ggml-distil-small.en.bin in Resources */,
				E0CE98AE295D393B00FF9CA5 /* ggml-base.en.bin in Resources */,
			);
			runOnlyForDeploymentPostprocessing = 0;
		};
		E0BBF20C293EEE9100FB7FF9 /* Resources */ = {
			isa = PBXResourcesBuildPhase;
			buildActionMask = 2147483647;
			files = (
				E0CE98AF295D393B00FF9CA5 /* ggml-base.en.bin in Resources */,
			);
			runOnlyForDeploymentPostprocessing = 0;
		};
/* End PBXResourcesBuildPhase section */

/* Begin PBXSourcesBuildPhase section */
		E0BBF1E5293EEE9000FB7FF9 /* Sources */ = {
			isa = PBXSourcesBuildPhase;
			buildActionMask = 2147483647;
			files = (
				E0A894DF29DB28790059AFEE /* whisper.h in Sources */,
				E04A3321294A347300EF6628 /* OpenAiApiRequest.m in Sources */,
				E0BBF1F4293EEE9000FB7FF9 /* MainViewController.m in Sources */,
				E0CE98B3295D393B00FF9CA5 /* whisper.cpp in Sources */,
				E029C3402B2CA6D200E2687A /* ggml-alloc.c in Sources */,
				E049ED41293FCC5D002080BD /* VBMagicEnhancer.m in Sources */,
				E0CE98B0295D393B00FF9CA5 /* ggml.c in Sources */,
				E049ED3D293FCC38002080BD /* VBButton.m in Sources */,
				E049ED4F2944B833002080BD /* VBStringUtils.m in Sources */,
				E029C33D2B2CA6D200E2687A /* ggml-metal.metal in Sources */,
				E049ED45293FFB93002080BD /* VBEnhanceViewController.m in Sources */,
				E0BBF1EE293EEE9000FB7FF9 /* AppDelegate.m in Sources */,
				E0BBF1FF293EEE9100FB7FF9 /* main.m in Sources */,
				E0CE98B8295D398700FF9CA5 /* ListenViewController.m in Sources */,
				E05B9111293FC4ED004DBFE2 /* VBSpeechSynthesizer.m in Sources */,
				E0FE7D7A29AFB62000762C36 /* VBAudioListener.m in Sources */,
				E029C3302B2CA69D00E2687A /* ggml-quants.c in Sources */,
				E029C3422B2CA6D200E2687A /* ggml-metal.m in Sources */,
				E0BBF1F1293EEE9000FB7FF9 /* SceneDelegate.m in Sources */,
				E029C3412B2CA6D200E2687A /* ggml-backend.c in Sources */,
			);
			runOnlyForDeploymentPostprocessing = 0;
		};
		E0BBF200293EEE9100FB7FF9 /* Sources */ = {
			isa = PBXSourcesBuildPhase;
			buildActionMask = 2147483647;
			files = (
				E029C3432B2CA77F00E2687A /* ggml-quants.c in Sources */,
				E029C3442B2CA77F00E2687A /* ggml-alloc.c in Sources */,
				E029C3452B2CA77F00E2687A /* ggml-backend.c in Sources */,
				E029C3462B2CA77F00E2687A /* ggml-metal.m in Sources */,
				E049ED512944B986002080BD /* stringUtliTests.m in Sources */,
				E0CE98B9295D398700FF9CA5 /* ListenViewController.m in Sources */,
				E0BBF209293EEE9100FB7FF9 /* voiceboxTests.m in Sources */,
				E0CE98B4295D393B00FF9CA5 /* whisper.cpp in Sources */,
				E0CE98B1295D393B00FF9CA5 /* ggml.c in Sources */,
			);
			runOnlyForDeploymentPostprocessing = 0;
		};
		E0BBF20A293EEE9100FB7FF9 /* Sources */ = {
			isa = PBXSourcesBuildPhase;
			buildActionMask = 2147483647;
			files = (
				E0BBF213293EEE9100FB7FF9 /* voiceboxUITests.m in Sources */,
				E0CE98BA295D398700FF9CA5 /* ListenViewController.m in Sources */,
				E0BBF215293EEE9100FB7FF9 /* voiceboxUITestsLaunchTests.m in Sources */,
				E0CE98B5295D393B00FF9CA5 /* whisper.cpp in Sources */,
				E0CE98B2295D393B00FF9CA5 /* ggml.c in Sources */,
			);
			runOnlyForDeploymentPostprocessing = 0;
		};
/* End PBXSourcesBuildPhase section */

/* Begin PBXTargetDependency section */
		E0BBF206293EEE9100FB7FF9 /* PBXTargetDependency */ = {
			isa = PBXTargetDependency;
			target = E0BBF1E8293EEE9000FB7FF9 /* voicebox */;
			targetProxy = E0BBF205293EEE9100FB7FF9 /* PBXContainerItemProxy */;
		};
		E0BBF210293EEE9100FB7FF9 /* PBXTargetDependency */ = {
			isa = PBXTargetDependency;
			target = E0BBF1E8293EEE9000FB7FF9 /* voicebox */;
			targetProxy = E0BBF20F293EEE9100FB7FF9 /* PBXContainerItemProxy */;
		};
/* End PBXTargetDependency section */

/* Begin PBXVariantGroup section */
		E0BBF1FA293EEE9100FB7FF9 /* LaunchScreen.storyboard */ = {
			isa = PBXVariantGroup;
			children = (
				E0BBF1FB293EEE9100FB7FF9 /* Base */,
			);
			name = LaunchScreen.storyboard;
			sourceTree = "<group>";
		};
/* End PBXVariantGroup section */

/* Begin XCBuildConfiguration section */
		E0BBF216293EEE9100FB7FF9 /* Debug */ = {
			isa = XCBuildConfiguration;
			buildSettings = {
				ALWAYS_SEARCH_USER_PATHS = NO;
				CLANG_ANALYZER_NONNULL = YES;
				CLANG_ANALYZER_NUMBER_OBJECT_CONVERSION = YES_AGGRESSIVE;
				CLANG_CXX_LANGUAGE_STANDARD = "gnu++20";
				CLANG_ENABLE_MODULES = YES;
				CLANG_ENABLE_OBJC_ARC = YES;
				CLANG_ENABLE_OBJC_WEAK = YES;
				CLANG_WARN_BLOCK_CAPTURE_AUTORELEASING = YES;
				CLANG_WARN_BOOL_CONVERSION = YES;
				CLANG_WARN_COMMA = YES;
				CLANG_WARN_CONSTANT_CONVERSION = YES;
				CLANG_WARN_DEPRECATED_OBJC_IMPLEMENTATIONS = YES;
				CLANG_WARN_DIRECT_OBJC_ISA_USAGE = YES_ERROR;
				CLANG_WARN_DOCUMENTATION_COMMENTS = YES;
				CLANG_WARN_EMPTY_BODY = YES;
				CLANG_WARN_ENUM_CONVERSION = YES;
				CLANG_WARN_INFINITE_RECURSION = YES;
				CLANG_WARN_INT_CONVERSION = YES;
				CLANG_WARN_NON_LITERAL_NULL_CONVERSION = YES;
				CLANG_WARN_OBJC_IMPLICIT_RETAIN_SELF = YES;
				CLANG_WARN_OBJC_LITERAL_CONVERSION = YES;
				CLANG_WARN_OBJC_ROOT_CLASS = YES_ERROR;
				CLANG_WARN_QUOTED_INCLUDE_IN_FRAMEWORK_HEADER = YES;
				CLANG_WARN_RANGE_LOOP_ANALYSIS = YES;
				CLANG_WARN_STRICT_PROTOTYPES = YES;
				CLANG_WARN_SUSPICIOUS_MOVE = YES;
				CLANG_WARN_UNGUARDED_AVAILABILITY = YES_AGGRESSIVE;
				CLANG_WARN_UNREACHABLE_CODE = YES;
				CLANG_WARN__DUPLICATE_METHOD_MATCH = YES;
				COPY_PHASE_STRIP = NO;
				DEBUG_INFORMATION_FORMAT = dwarf;
				ENABLE_STRICT_OBJC_MSGSEND = YES;
				ENABLE_TESTABILITY = YES;
				GCC_C_LANGUAGE_STANDARD = gnu11;
				GCC_DYNAMIC_NO_PIC = NO;
				GCC_NO_COMMON_BLOCKS = YES;
				GCC_OPTIMIZATION_LEVEL = 0;
				GCC_PREPROCESSOR_DEFINITIONS = (
					"DEBUG=1",
					"$(inherited)",
				);
				GCC_WARN_64_TO_32_BIT_CONVERSION = YES;
				GCC_WARN_ABOUT_RETURN_TYPE = YES_ERROR;
				GCC_WARN_UNDECLARED_SELECTOR = YES;
				GCC_WARN_UNINITIALIZED_AUTOS = YES_AGGRESSIVE;
				GCC_WARN_UNUSED_FUNCTION = YES;
				GCC_WARN_UNUSED_VARIABLE = YES;
				IPHONEOS_DEPLOYMENT_TARGET = 16.0;
				MTL_ENABLE_DEBUG_INFO = INCLUDE_SOURCE;
				MTL_FAST_MATH = YES;
				ONLY_ACTIVE_ARCH = YES;
				SDKROOT = iphoneos;
			};
			name = Debug;
		};
		E0BBF217293EEE9100FB7FF9 /* Release */ = {
			isa = XCBuildConfiguration;
			buildSettings = {
				ALWAYS_SEARCH_USER_PATHS = NO;
				CLANG_ANALYZER_NONNULL = YES;
				CLANG_ANALYZER_NUMBER_OBJECT_CONVERSION = YES_AGGRESSIVE;
				CLANG_CXX_LANGUAGE_STANDARD = "gnu++20";
				CLANG_ENABLE_MODULES = YES;
				CLANG_ENABLE_OBJC_ARC = YES;
				CLANG_ENABLE_OBJC_WEAK = YES;
				CLANG_WARN_BLOCK_CAPTURE_AUTORELEASING = YES;
				CLANG_WARN_BOOL_CONVERSION = YES;
				CLANG_WARN_COMMA = YES;
				CLANG_WARN_CONSTANT_CONVERSION = YES;
				CLANG_WARN_DEPRECATED_OBJC_IMPLEMENTATIONS = YES;
				CLANG_WARN_DIRECT_OBJC_ISA_USAGE = YES_ERROR;
				CLANG_WARN_DOCUMENTATION_COMMENTS = YES;
				CLANG_WARN_EMPTY_BODY = YES;
				CLANG_WARN_ENUM_CONVERSION = YES;
				CLANG_WARN_INFINITE_RECURSION = YES;
				CLANG_WARN_INT_CONVERSION = YES;
				CLANG_WARN_NON_LITERAL_NULL_CONVERSION = YES;
				CLANG_WARN_OBJC_IMPLICIT_RETAIN_SELF = YES;
				CLANG_WARN_OBJC_LITERAL_CONVERSION = YES;
				CLANG_WARN_OBJC_ROOT_CLASS = YES_ERROR;
				CLANG_WARN_QUOTED_INCLUDE_IN_FRAMEWORK_HEADER = YES;
				CLANG_WARN_RANGE_LOOP_ANALYSIS = YES;
				CLANG_WARN_STRICT_PROTOTYPES = YES;
				CLANG_WARN_SUSPICIOUS_MOVE = YES;
				CLANG_WARN_UNGUARDED_AVAILABILITY = YES_AGGRESSIVE;
				CLANG_WARN_UNREACHABLE_CODE = YES;
				CLANG_WARN__DUPLICATE_METHOD_MATCH = YES;
				COPY_PHASE_STRIP = NO;
				DEBUG_INFORMATION_FORMAT = "dwarf-with-dsym";
				ENABLE_NS_ASSERTIONS = NO;
				ENABLE_STRICT_OBJC_MSGSEND = YES;
				GCC_C_LANGUAGE_STANDARD = gnu11;
				GCC_NO_COMMON_BLOCKS = YES;
				GCC_WARN_64_TO_32_BIT_CONVERSION = YES;
				GCC_WARN_ABOUT_RETURN_TYPE = YES_ERROR;
				GCC_WARN_UNDECLARED_SELECTOR = YES;
				GCC_WARN_UNINITIALIZED_AUTOS = YES_AGGRESSIVE;
				GCC_WARN_UNUSED_FUNCTION = YES;
				GCC_WARN_UNUSED_VARIABLE = YES;
				IPHONEOS_DEPLOYMENT_TARGET = 16.0;
				MTL_ENABLE_DEBUG_INFO = NO;
				MTL_FAST_MATH = YES;
				SDKROOT = iphoneos;
				VALIDATE_PRODUCT = YES;
			};
			name = Release;
		};
		E0BBF219293EEE9100FB7FF9 /* Debug */ = {
			isa = XCBuildConfiguration;
			buildSettings = {
				ASSETCATALOG_COMPILER_APPICON_NAME = AppIcon;
				ASSETCATALOG_COMPILER_GLOBAL_ACCENT_COLOR_NAME = AccentColor;
				CODE_SIGN_STYLE = Automatic;
				CURRENT_PROJECT_VERSION = 1;
				DEVELOPMENT_TEAM = D5VFD22Y98;
				GENERATE_INFOPLIST_FILE = YES;
				INFOPLIST_FILE = voicebox/Info.plist;
				INFOPLIST_KEY_CFBundleDisplayName = Voicebox;
				INFOPLIST_KEY_LSApplicationCategoryType = "public.app-category.utilities";
				INFOPLIST_KEY_UIApplicationSupportsIndirectInputEvents = YES;
				INFOPLIST_KEY_UILaunchStoryboardName = LaunchScreen;
				INFOPLIST_KEY_UISupportedInterfaceOrientations_iPad = "UIInterfaceOrientationLandscapeLeft UIInterfaceOrientationLandscapeRight UIInterfaceOrientationPortrait UIInterfaceOrientationPortraitUpsideDown";
				LD_RUNPATH_SEARCH_PATHS = (
					"$(inherited)",
					"@executable_path/Frameworks",
				);
				MARKETING_VERSION = 1.0;
				PRODUCT_BUNDLE_IDENTIFIER = net.scosman.voicebox;
				PRODUCT_NAME = "$(TARGET_NAME)";
				SUPPORTED_PLATFORMS = "iphoneos iphonesimulator";
				SUPPORTS_MACCATALYST = NO;
				SUPPORTS_MAC_DESIGNED_FOR_IPHONE_IPAD = YES;
				SWIFT_EMIT_LOC_STRINGS = YES;
				TARGETED_DEVICE_FAMILY = "1,2";
			};
			name = Debug;
		};
		E0BBF21A293EEE9100FB7FF9 /* Release */ = {
			isa = XCBuildConfiguration;
			buildSettings = {
				ASSETCATALOG_COMPILER_APPICON_NAME = AppIcon;
				ASSETCATALOG_COMPILER_GLOBAL_ACCENT_COLOR_NAME = AccentColor;
				CODE_SIGN_STYLE = Automatic;
				CURRENT_PROJECT_VERSION = 1;
				DEVELOPMENT_TEAM = D5VFD22Y98;
				GENERATE_INFOPLIST_FILE = YES;
				INFOPLIST_FILE = voicebox/Info.plist;
				INFOPLIST_KEY_CFBundleDisplayName = Voicebox;
				INFOPLIST_KEY_LSApplicationCategoryType = "public.app-category.utilities";
				INFOPLIST_KEY_UIApplicationSupportsIndirectInputEvents = YES;
				INFOPLIST_KEY_UILaunchStoryboardName = LaunchScreen;
				INFOPLIST_KEY_UISupportedInterfaceOrientations_iPad = "UIInterfaceOrientationLandscapeLeft UIInterfaceOrientationLandscapeRight UIInterfaceOrientationPortrait UIInterfaceOrientationPortraitUpsideDown";
				LD_RUNPATH_SEARCH_PATHS = (
					"$(inherited)",
					"@executable_path/Frameworks",
				);
				MARKETING_VERSION = 1.0;
				PRODUCT_BUNDLE_IDENTIFIER = net.scosman.voicebox;
				PRODUCT_NAME = "$(TARGET_NAME)";
				SUPPORTED_PLATFORMS = "iphoneos iphonesimulator";
				SUPPORTS_MACCATALYST = NO;
				SUPPORTS_MAC_DESIGNED_FOR_IPHONE_IPAD = YES;
				SWIFT_EMIT_LOC_STRINGS = YES;
				TARGETED_DEVICE_FAMILY = "1,2";
			};
			name = Release;
		};
		E0BBF21C293EEE9100FB7FF9 /* Debug */ = {
			isa = XCBuildConfiguration;
			buildSettings = {
				BUNDLE_LOADER = "$(TEST_HOST)";
				CODE_SIGN_STYLE = Automatic;
				CURRENT_PROJECT_VERSION = 1;
				GENERATE_INFOPLIST_FILE = YES;
				IPHONEOS_DEPLOYMENT_TARGET = 16.0;
				MARKETING_VERSION = 1.0;
				PRODUCT_BUNDLE_IDENTIFIER = net.scosman.voiceboxTests;
				PRODUCT_NAME = "$(TARGET_NAME)";
				SWIFT_EMIT_LOC_STRINGS = NO;
				TARGETED_DEVICE_FAMILY = "1,2";
				TEST_HOST = "$(BUILT_PRODUCTS_DIR)/voicebox.app/$(BUNDLE_EXECUTABLE_FOLDER_PATH)/voicebox";
			};
			name = Debug;
		};
		E0BBF21D293EEE9100FB7FF9 /* Release */ = {
			isa = XCBuildConfiguration;
			buildSettings = {
				BUNDLE_LOADER = "$(TEST_HOST)";
				CODE_SIGN_STYLE = Automatic;
				CURRENT_PROJECT_VERSION = 1;
				GENERATE_INFOPLIST_FILE = YES;
				IPHONEOS_DEPLOYMENT_TARGET = 16.0;
				MARKETING_VERSION = 1.0;
				PRODUCT_BUNDLE_IDENTIFIER = net.scosman.voiceboxTests;
				PRODUCT_NAME = "$(TARGET_NAME)";
				SWIFT_EMIT_LOC_STRINGS = NO;
				TARGETED_DEVICE_FAMILY = "1,2";
				TEST_HOST = "$(BUILT_PRODUCTS_DIR)/voicebox.app/$(BUNDLE_EXECUTABLE_FOLDER_PATH)/voicebox";
			};
			name = Release;
		};
		E0BBF21F293EEE9100FB7FF9 /* Debug */ = {
			isa = XCBuildConfiguration;
			buildSettings = {
				CODE_SIGN_STYLE = Automatic;
				CURRENT_PROJECT_VERSION = 1;
				GENERATE_INFOPLIST_FILE = YES;
				MARKETING_VERSION = 1.0;
				PRODUCT_BUNDLE_IDENTIFIER = net.scosman.voiceboxUITests;
				PRODUCT_NAME = "$(TARGET_NAME)";
				SWIFT_EMIT_LOC_STRINGS = NO;
				TARGETED_DEVICE_FAMILY = "1,2";
				TEST_TARGET_NAME = voicebox;
			};
			name = Debug;
		};
		E0BBF220293EEE9100FB7FF9 /* Release */ = {
			isa = XCBuildConfiguration;
			buildSettings = {
				CODE_SIGN_STYLE = Automatic;
				CURRENT_PROJECT_VERSION = 1;
				GENERATE_INFOPLIST_FILE = YES;
				MARKETING_VERSION = 1.0;
				PRODUCT_BUNDLE_IDENTIFIER = net.scosman.voiceboxUITests;
				PRODUCT_NAME = "$(TARGET_NAME)";
				SWIFT_EMIT_LOC_STRINGS = NO;
				TARGETED_DEVICE_FAMILY = "1,2";
				TEST_TARGET_NAME = voicebox;
			};
			name = Release;
		};
/* End XCBuildConfiguration section */

/* Begin XCConfigurationList section */
		E0BBF1E4293EEE9000FB7FF9 /* Build configuration list for PBXProject "voicebox" */ = {
			isa = XCConfigurationList;
			buildConfigurations = (
				E0BBF216293EEE9100FB7FF9 /* Debug */,
				E0BBF217293EEE9100FB7FF9 /* Release */,
			);
			defaultConfigurationIsVisible = 0;
			defaultConfigurationName = Release;
		};
		E0BBF218293EEE9100FB7FF9 /* Build configuration list for PBXNativeTarget "voicebox" */ = {
			isa = XCConfigurationList;
			buildConfigurations = (
				E0BBF219293EEE9100FB7FF9 /* Debug */,
				E0BBF21A293EEE9100FB7FF9 /* Release */,
			);
			defaultConfigurationIsVisible = 0;
			defaultConfigurationName = Release;
		};
		E0BBF21B293EEE9100FB7FF9 /* Build configuration list for PBXNativeTarget "voiceboxTests" */ = {
			isa = XCConfigurationList;
			buildConfigurations = (
				E0BBF21C293EEE9100FB7FF9 /* Debug */,
				E0BBF21D293EEE9100FB7FF9 /* Release */,
			);
			defaultConfigurationIsVisible = 0;
			defaultConfigurationName = Release;
		};
		E0BBF21E293EEE9100FB7FF9 /* Build configuration list for PBXNativeTarget "voiceboxUITests" */ = {
			isa = XCConfigurationList;
			buildConfigurations = (
				E0BBF21F293EEE9100FB7FF9 /* Debug */,
				E0BBF220293EEE9100FB7FF9 /* Release */,
			);
			defaultConfigurationIsVisible = 0;
			defaultConfigurationName = Release;
		};
/* End XCConfigurationList section */

/* Begin XCRemoteSwiftPackageReference section */
		E0D56EE02B9CEB6900F24F6E /* XCRemoteSwiftPackageReference "criticalmoments" */ = {
			isa = XCRemoteSwiftPackageReference;
			repositoryURL = "https://github.com/criticalmoments/criticalmoments";
			requirement = {
				kind = upToNextMajorVersion;
				minimumVersion = 0.9.0;
			};
		};
/* End XCRemoteSwiftPackageReference section */

/* Begin XCSwiftPackageProductDependency section */
		E0D56EE12B9CEB6900F24F6E /* CriticalMoments */ = {
			isa = XCSwiftPackageProductDependency;
			package = E0D56EE02B9CEB6900F24F6E /* XCRemoteSwiftPackageReference "criticalmoments" */;
			productName = CriticalMoments;
		};
/* End XCSwiftPackageProductDependency section */
	};
	rootObject = E0BBF1E1293EEE9000FB7FF9 /* Project object */;
}
