{
  "originHash" : "b6d1eb20c2e42a5c64d10d3b5ef89157291eb4491dd1e210f3ceb88bd15580b1",
  "pins" : [
    {
      "identity" : "criticalmoments",
      "kind" : "remoteSourceControl",
      "location" : "https://github.com/criticalmoments/criticalmoments",
      "state" : {
        "revision" : "2cef8c0b6208ef6fd7b97b6151bc3ffc8fff40c4",
        "version" : "0.9.2"
      }
    }
  ],
  "version" : 3
}
